
Microsoft Visual Studio Solution File, Format Version 12.00
# Visual Studio Version 16
VisualStudioVersion = 16.0.29709.97
MinimumVisualStudioVersion = 10.0.40219.1
Project("{FAE04EC0-301F-11D3-BF4B-00C04F79EFBC}") = "Vivaldi", "Vivaldi\Vivaldi.csproj", "{223F16F0-6FF7-42C0-9D47-35F454BAD1F8}"
EndProject
Global
	GlobalSection(SolutionConfigurationPlatforms) = preSolution
		Debug|Any CPU = Debug|Any CPU
		Release|Any CPU = Release|Any CPU
	EndGlobalSection
	GlobalSection(ProjectConfigurationPlatforms) = postSolution
		{223F16F0-6FF7-42C0-9D47-35F454BAD1F8}.Debug|Any CPU.ActiveCfg = Debug|Any CPU
		{223F16F0-6FF7-42C0-9D47-35F454BAD1F8}.Debug|Any CPU.Build.0 = Debug|Any CPU
		{223F16F0-6FF7-42C0-9D47-35F454BAD1F8}.Release|Any CPU.ActiveCfg = Release|Any CPU
		{223F16F0-6FF7-42C0-9D47-35F454BAD1F8}.Release|Any CPU.Build.0 = Release|Any CPU
	EndGlobalSection
	GlobalSection(SolutionProperties) = preSolution
		HideSolutionNode = FALSE
	EndGlobalSection
	GlobalSection(ExtensibilityGlobals) = postSolution
		SolutionGuid = {E7CB591B-4210-4049-B400-1FFA97A2FB00}
	EndGlobalSection
EndGlobal
